# THIS IS AN AUTOGENERATED FILE. DO NOT EDIT THIS FILE DIRECTLY.
assets/FontAwesome.otf:
  development: 2017-09-26T15:46:12+02:00   5dc41d8fe329a22fa1ee9225571c843e
assets/ajax-cart.js.liquid:
  development: 2017-09-26T15:46:09+02:00   b2477cac758b1114bf2a002cad6d372b
assets/blank.gif:
  development: 2017-09-26T15:46:09+02:00   325472601571f31e1bf00674c368d335
assets/bluse-aus-tencel.png:
  development: 2017-10-23T12:32:25+02:00   d098a1ca97a9a1a9077144330ee6729e
assets/card.gift-card.jpg:
  development: 2017-09-26T15:46:09+02:00   d138afb15fea8f4b38315f55de8bac73
assets/corner-bottom-left.gift-card.png:
  development: 2017-09-26T15:46:09+02:00   c3f01eaef44d4ac3be84598e67be2ed8
assets/corner-bottom-right.gift-card.png:
  development: 2017-09-26T15:46:10+02:00   6e9f39539a9f0643f51aa41019f4f2d8
assets/corner-bottom-right.gift-card.svg:
  development: 2017-09-26T15:46:10+02:00   c09a76b60894aec587025cdf9b7fa8fd
assets/corner-top-left.gift-card.png:
  development: 2017-09-26T15:46:10+02:00   f6d0d5252451d3b47b5d7ec1b77705e5
assets/corner-top-left.gift-card.svg:
  development: 2017-09-26T15:46:10+02:00   1275ce20f1c9234f8c574055a0d2dfe6
assets/corner-top-right.gift-card.png:
  development: 2017-09-26T15:46:10+02:00   906dd01338931b7fee73440e2892dbb6
assets/fancybox_overlay.png:
  development: 2017-09-26T15:46:10+02:00   77aeaa52715b898b73c74d68c630330e
assets/fancybox_sprite-2x.png:
  development: 2017-09-26T15:46:10+02:00   ed9970ce22242421e66ff150aa97fe5f
assets/fancybox_sprite.png:
  development: 2017-09-26T15:46:10+02:00   783d4031fe50c3d83c960911e1fbc705
assets/font-awesome.css:
  development: 2017-09-26T15:46:11+02:00   b4f696a4d554a34d80a85cfafaf5d7ea
assets/fontawesome-webfont.eot:
  development: 2017-09-26T15:46:11+02:00   25a32416abee198dd821b0b17a198a8f
assets/fontawesome-webfont.svg:
  development: 2017-09-26T15:46:11+02:00   d7c639084f684d66a1bc66855d193ed8
assets/fontawesome-webfont.ttf:
  development: 2017-09-26T15:46:11+02:00   1dc35d25e61d819a9c357074014867ab
assets/fontawesome-webfont.woff:
  development: 2017-09-26T15:46:11+02:00   c8ddf1e5e5bf3682bc7bebf30f394148
assets/fontawesome-webfont.woff2:
  development: 2017-09-26T15:46:12+02:00   e6cf7c6ec7c2d6f670ae9d762604cb0b
assets/handlebars.min.js:
  development: 2017-09-26T15:46:12+02:00   b3c11508a224ee83f86e2fc6491e9751
assets/icon-bug.gift-card.png:
  development: 2017-09-26T15:46:12+02:00   342e26efccd00ac7c8a724f67808112b
assets/icon-email.gift-card.png:
  development: 2017-09-26T15:46:12+02:00   4ff30f273247cec30cb5b2473a630433
assets/icon-email.gift-card.svg:
  development: 2017-09-26T15:46:13+02:00   9de72e85a7ccdc95763f8c6c756fb3b4
assets/icon-print.gift-card.png:
  development: 2017-09-26T15:46:13+02:00   b71f0fadc8715f245bb0cea345818b48
assets/icon-print.gift-card.svg:
  development: 2017-09-26T15:46:13+02:00   0c5f2dfbae84298216ede0d35a6d18d5
assets/jquery.currencies.min.js:
  development: 2017-09-26T15:46:14+02:00   5fca546cb2112fb7d2066cb83a608b70
assets/jquery.instagram.js:
  development: 2017-09-26T15:46:14+02:00   13310780f6962652a6d0255eee73acdf
assets/jquery.products.min.js:
  development: 2017-09-26T15:46:14+02:00   1424f5a203a33f9e283a0fe1728b7d56
assets/modernizr.gift-card.js:
  development: 2017-09-26T15:46:14+02:00   a041527af2b5b1148dd228f0d18a7cfe
assets/navbar2.scss.liquid:
  development: 2017-11-13T14:00:23+01:00   825c0470ba954c4d757072346e32e833
assets/option_selection.js:
  development: 2017-09-26T15:46:14+02:00   f2b9fda04b65478724857b3113fcec17
assets/password-page-background.jpg:
  development: 2017-09-26T15:46:15+02:00   444a4b222f76009ed9b821371567a1cb
assets/select-arrow.png:
  development: 2017-09-26T15:46:15+02:00   7c8efc136ac482b05038aac5eadfb230
assets/soldout.png:
  development: 2017-09-26T15:46:15+02:00   e102fb334e89880c94740bfa11cfc7ab
assets/styles.gift-card.scss.liquid:
  development: 2017-09-26T15:46:15+02:00   4524c0411e7bc4cd7fedd80f7716ec23
assets/stylesheet.css.liquid:
  development: 2017-11-13T13:58:34+01:00   de27ae8287a3a03a7eeb0934071ebeb2
assets/theme.js.liquid:
  development: 2017-09-26T15:46:16+02:00   c63ece715f5a4e903f069f99d21c4876
assets/transparency.png:
  development: 2017-09-26T15:46:16+02:00   7254f08e09358212be20073db5a7c09d
config/settings_data.json:
  development: 2017-11-20T19:36:07+01:00   4e14757a4b97e385a8dc2bdbe5c193ba
config/settings_schema.json:
  development: 2017-09-26T15:46:16+02:00   ef67229c3012c6b1a9ce9037a54e3ba0
layout/theme.liquid:
  development: 2017-11-18T21:34:31+01:00   d8091a354fcc65e9be9bce2629513538
locales/en.default.json:
  development: 2017-11-13T17:08:03+01:00   5f7807e242075066194383b645efc17a
sections/article-template.liquid:
  development: 2017-09-26T15:46:06+02:00   6aac767819d375af9adeaf1a972795f0
sections/blog-template.liquid:
  development: 2017-09-26T15:46:06+02:00   4ffba09cfdee50ec7af463c31f306285
sections/collection-listing-template.liquid:
  development: 2017-09-26T15:46:06+02:00   517502659cd8a87cabe38276fe73c551
sections/collection-template.liquid:
  development: 2017-09-26T15:46:06+02:00   0a31941a4b78558e8f3698b99aa619e6
sections/contact-page-template.liquid:
  development: 2017-09-26T15:46:07+02:00   6fdf015b4dae6999ba6d21dae201b9dd
sections/featured-blog.liquid:
  development: 2017-09-26T15:46:07+02:00   a9a4a588b9d76f0317b9365fab48628a
sections/featured-collections.liquid:
  development: 2017-09-26T15:46:07+02:00   bc6ae8e7244f90e599768221c0ff39a1
sections/featured-image.liquid:
  development: 2017-09-26T15:46:07+02:00   c9dfb2301fda6180268079db07709fdb
sections/featured-images.liquid:
  development: 2017-09-26T15:46:07+02:00   77ea822d5efa426ee03588b19efe5088
sections/featured-products.liquid:
  development: 2017-09-26T15:46:07+02:00   9cb9a8dc747b12ab6889953933005083
sections/featured-text.liquid:
  development: 2017-09-26T15:46:07+02:00   d48d72d02f3a8cb056ddb82b421962f9
sections/featured-video.liquid:
  development: 2017-09-26T15:46:07+02:00   f8b218d051a46e2e7bc6a3072920b5e6
sections/footer.liquid:
  development: 2017-11-12T09:53:34+01:00   1a2d07d709ee28f24bcc7f3fa7eb7414
sections/header.liquid:
  development: 2017-11-09T21:56:50+01:00   334270e39b68287f69c44678e93cb647
sections/image-width-text.liquid:
  development: 2017-09-26T15:46:07+02:00   1be584b60d72d57ef769c24fc8f0d134
sections/instagram-feed.liquid:
  development: 2017-09-26T15:46:07+02:00   909f82f5a8464cba8199e6d136601a7a
sections/mobile-navigation.liquid:
  development: 2017-09-26T15:46:07+02:00   5ed658ce73518c259381b99430409625
sections/page-template.liquid:
  development: 2017-11-18T19:04:28+01:00   ee0ac8155aebd756b5a51bf7663f272d
sections/password-page.liquid:
  development: 2017-09-26T15:46:07+02:00   191ea17f1b880e66110e9252aadd2719
sections/password-template.liquid:
  development: 2017-09-26T15:46:07+02:00   166473b01783971e857416c866c63a41
sections/product-template.liquid:
  development: 2017-11-11T13:43:30+01:00   caf42a2177e3a1cf3668a12229eb7abb
sections/slideshow.liquid:
  development: 2017-09-26T15:46:07+02:00   057d1f08f63fa596b709fb42a417383b
snippets/ajax-cart-template.liquid:
  development: 2017-09-26T15:46:16+02:00   c13bbc2d952a3d884ffe610bd417adee
snippets/breadcrumb.liquid:
  development: 2017-09-26T15:46:16+02:00   5d714d18f048c706666d9f480d7ba8b9
snippets/collection-grid-item.liquid:
  development: 2017-09-26T15:46:16+02:00   9504ebccb68197e96e311c68a635efde
snippets/collection-listing.liquid:
  development: 2017-09-26T15:46:16+02:00   17df42f44a18d64f80c44f170fbee8fc
snippets/collection-sidebar.liquid:
  development: 2017-09-26T15:46:16+02:00   4bc9f4ac2c7e2f1d5d786194814a3f8b
snippets/contact.liquid:
  development: 2017-09-26T15:46:16+02:00   e413a74f36a620207aac0eadba13ca12
snippets/currencies.liquid:
  development: 2017-09-26T15:46:16+02:00   2da2e46d13fa20e73cc67d3bc591100e
snippets/currency-selector.liquid:
  development: 2017-09-26T15:46:16+02:00   0fe11c426464ea94273c80553d3f63ec
snippets/filters.liquid:
  development: 2017-09-26T15:46:16+02:00   e2eee755ca4085b379c36423de82fec5
snippets/google-fonts.liquid:
  development: 2017-09-26T15:46:16+02:00   c24843b65d9ebe8091e9c7b93d06688a
snippets/mailing.liquid:
  development: 2017-09-26T15:46:16+02:00   a1a9f237b2ea3976ca397a53de134a65
snippets/no-blocks.liquid:
  development: 2017-09-26T15:46:17+02:00   39e69cb39c68b429356843b3602dbc7f
snippets/onboard-blog.liquid:
  development: 2017-09-26T15:46:17+02:00   f3550895b472c1756e2489f74fae03ac
snippets/onboard-instagram.liquid:
  development: 2017-09-26T15:46:17+02:00   55729ca884e8a8d983df028449ea67c0
snippets/onboard-product.liquid:
  development: 2017-09-26T15:46:17+02:00   276390c9838ecfb742b608e3b50704f9
snippets/pagination.liquid:
  development: 2017-09-26T15:46:17+02:00   930132f0d632cfb010eefee0dd686c1c
snippets/popup.liquid:
  development: 2017-09-26T15:46:17+02:00   587ec6c4d237c3408e5f5d39e4e73ce3
snippets/product-form.liquid:
  development: 2017-10-27T23:59:25+02:00   6ea31459d3f176a4ae6d8889bac9d850
snippets/product-grid-add.liquid:
  development: 2017-09-26T15:46:17+02:00   40beae62eb2f11fafb5268c01e3fd93b
snippets/product-listing.liquid:
  development: 2017-10-27T15:22:37+02:00   c2712c2af95538be095afa55c4927fac
snippets/question.liquid:
  development: 2017-09-26T15:46:17+02:00   f7163952366565c54d5b434243cc18bc
snippets/recently-viewed.liquid:
  development: 2017-09-26T15:46:17+02:00   58438183b6ac679d84e0cd3803a06541
snippets/related-products.liquid:
  development: 2017-09-26T15:46:17+02:00   2cf62a76806b4c26cf4148611b38730d
snippets/show-colors.liquid:
  development: 2017-09-26T15:46:17+02:00   c933fd72f576784d95c288110f088df1
snippets/show-sizes.liquid:
  development: 2017-09-26T15:46:17+02:00   f8cc1c40af3fa0d7fa7d52eb3703aab1
snippets/social-login.liquid:
  development: 2017-10-27T14:58:11+02:00   81ee974d2ad2614d6dd028aab6f785d7
snippets/social-meta-tags.liquid:
  development: 2017-09-26T15:46:17+02:00   2f053a86b86fb854dabb4e06ac08753e
snippets/social.liquid:
  development: 2017-09-26T15:46:17+02:00   7b088d2f104f498b0d57246e17ee00ec
snippets/swatch-lip.liquid:
  development: 2017-10-23T20:50:43+02:00   0bbef6c7b607ac1040873edcd647c9d9
snippets/swatch-variant.liquid:
  development: 2017-10-23T21:22:01+02:00   177539ab3b8a3e07d9f2fa831129ab7c
snippets/swatch.liquid:
  development: 2017-10-23T21:25:32+02:00   e07a7e82183f7a9d7a52d322c9067f51
snippets/timber-cart.liquid:
  development: 2017-09-26T15:46:17+02:00   c221bd56fceec1e1ef48508abe977f26
templates/404.liquid:
  development: 2017-09-26T15:46:17+02:00   c2deab15cce4aace5fd8ab5047597351
templates/article.liquid:
  development: 2017-09-26T15:46:17+02:00   f2d8970d80f929f833c6ac18ab19462e
templates/blog.liquid:
  development: 2017-09-26T15:46:17+02:00   d83cc3686f59028de70157c3babfbad1
templates/cart.liquid:
  development: 2017-09-26T15:46:18+02:00   06441917c8f2258f4e39497f6db214f0
templates/collection.liquid:
  development: 2017-09-26T15:46:18+02:00   414e87b7df331475b84a2a61c02bcec5
templates/customers/account.liquid:
  development: 2017-09-26T15:46:18+02:00   496c73fc8eafd0aa1aa52204486f84dd
templates/customers/activate_account.liquid:
  development: 2017-09-26T15:46:18+02:00   cd459c429e7ac7bb279288cd2f1d7976
templates/customers/addresses.liquid:
  development: 2017-09-26T15:46:18+02:00   2e15555250212fc8ea0d64bf2a9ba7a2
templates/customers/login.liquid:
  development: 2017-09-26T15:46:18+02:00   ffeca0c6219b1cddc6a2ed0b070b10f0
templates/customers/order.liquid:
  development: 2017-09-26T15:46:18+02:00   5e303d9bfa7504e47c6df805712d273d
templates/customers/register.liquid:
  development: 2017-09-26T15:46:18+02:00   a99405a4b2d49d3f2173c95faa8f7701
templates/customers/reset_password.liquid:
  development: 2017-09-26T15:46:18+02:00   54d8f3a86debcedcf388d3bda42d7b6c
templates/gift_card.liquid:
  development: 2017-09-26T15:46:18+02:00   4c10457783b64a08007e50e856f155e5
templates/index.liquid:
  development: 2017-09-26T15:46:18+02:00   f79f45304db08806b224656bf8d56e7c
templates/list-collections.liquid:
  development: 2017-09-26T15:46:18+02:00   3f7a7f5b0bc05c9441a5c572e586d6a2
templates/page.contact.liquid:
  development: 2017-09-26T15:46:18+02:00   d936a0dbd5aebd531864f79b51f79278
templates/page.liquid:
  development: 2017-09-26T15:46:18+02:00   b2d8ec358a9b1bb0b1e13a7f4f3773b3
templates/password.liquid:
  development: 2017-09-26T15:46:18+02:00   2ca66e6e44a0cd2a898ff78469c70cea
templates/product.liquid:
  development: 2017-10-27T15:21:45+02:00   93715d681a53103cb02ca56ff5f26084
templates/search.liquid:
  development: 2017-09-26T15:46:18+02:00   94dd33eeecffa2007c4f0452e600e949
